{
  "requires": true,
  "lockfileVersion": 1,
  "dependencies": {
    "deep-diff": {
      "version": "0.3.8",
      "resolved": "https://registry.npmjs.org/deep-diff/-/deep-diff-0.3.8.tgz",
      "integrity": "sha1-wB3mPvsO7JeYgB1Ax+Da4ltYLIQ="
    },
    "react-image-resizer": {
      "version": "1.3.0",
      "resolved": "https://registry.npmjs.org/react-image-resizer/-/react-image-resizer-1.3.0.tgz",
      "integrity": "sha512-JZwNWumImYwPNeaf+MV5wEtUvyPK8crjLYo7AVf3/3LQ92oPwi/Clxmg76f14EQm73cbwxKgXTlJbFOSRGQGtA==",
      "dev": true
    },
    "redux-logger": {
      "version": "3.0.6",
      "resolved": "https://registry.npmjs.org/redux-logger/-/redux-logger-3.0.6.tgz",
      "integrity": "sha1-91VZZvMJjzyIYExEnPC69XeCdL8=",
      "requires": {
        "deep-diff": "^0.3.5"
      }
    }
  }
}
